<?xml version="1.0" encoding="utf-8"?>
<Project ToolsVersion="4.0" xmlns="http://schemas.microsoft.com/developer/msbuild/2003">
  <ItemGroup>
    <Filter Include="shaders">
      <UniqueIdentifier>{1c45aa87-16a3-4444-b7e8-f641ea171eee}</UniqueIdentifier>
    </Filter>
    <Filter Include="shaders\GLSL">
      <UniqueIdentifier>{e782e0ff-2d1b-40aa-9d16-afcb54fc288b}</UniqueIdentifier>
    </Filter>
    <Filter Include="shaders\HLSL">
      <UniqueIdentifier>{8a583184-a5a4-4e6e-a84c-f38013437a0d}</UniqueIdentifier>
    </Filter>
  </ItemGroup>
  <ItemGroup>
    <None Include="shaders\GLSL\simple.fs">
      <Filter>shaders\GLSL</Filter>
    </None>
    <None Include="shaders\GLSL\simple.vs">
      <Filter>shaders\GLSL</Filter>
    </None>
    <None Include="shaders\GLSL\red.fs">
      <Filter>shaders\GLSL</Filter>
    </None>
    <None Include="shaders\GLSL\blue.fs">
      <Filter>shaders\GLSL</Filter>
    </None>
  </ItemGroup>
  <ItemGroup>
    <FxCompile Include="basicShader.hlsl">
      <Filter>shaders\HLSL</Filter>
    </FxCompile>
  </ItemGroup>
</Project>