
Microsoft Visual Studio Solution File, Format Version 12.00
# Visual Studio 15
VisualStudioVersion = 15.0.27130.2024
MinimumVisualStudioVersion = 10.0.40219.1
Project("{8BC9CEB8-8B4A-11D0-8D11-00A0C91BC942}") = "GraphicsEngine", "GraphicsEngine\GraphicsEngine.vcxproj", "{D4A8A732-97CA-4CBB-9D73-DF2D47260A4D}"
	ProjectSection(ProjectDependencies) = postProject
		{40E14F3C-9540-4400-BDA7-B599A1389B60} = {40E14F3C-9540-4400-BDA7-B599A1389B60}
	EndProjectSection
EndProject
Project("{8BC9CEB8-8B4A-11D0-8D11-00A0C91BC942}") = "DirectX", "DirectX\DirectX.vcxproj", "{40E14F3C-9540-4400-BDA7-B599A1389B60}"
	ProjectSection(ProjectDependencies) = postProject
		{C900FCBB-FCFE-470F-96FB-59FB4732DAB2} = {C900FCBB-FCFE-470F-96FB-59FB4732DAB2}
	EndProjectSection
EndProject
Project("{8BC9CEB8-8B4A-11D0-8D11-00A0C91BC942}") = "EngineCore", "EngineCore\EngineCore.vcxproj", "{C900FCBB-FCFE-470F-96FB-59FB4732DAB2}"
EndProject
Project("{8BC9CEB8-8B4A-11D0-8D11-00A0C91BC942}") = "Assets", "Assets\Assets.vcxproj", "{F75FFD91-57F1-45D3-BAF2-0570D16084EA}"
EndProject
Global
	GlobalSection(SolutionConfigurationPlatforms) = preSolution
		Debug|x64 = Debug|x64
		Debug|x86 = Debug|x86
		Release|x64 = Release|x64
		Release|x86 = Release|x86
	EndGlobalSection
	GlobalSection(ProjectConfigurationPlatforms) = postSolution
		{D4A8A732-97CA-4CBB-9D73-DF2D47260A4D}.Debug|x64.ActiveCfg = Debug|x64
		{D4A8A732-97CA-4CBB-9D73-DF2D47260A4D}.Debug|x64.Build.0 = Debug|x64
		{D4A8A732-97CA-4CBB-9D73-DF2D47260A4D}.Debug|x86.ActiveCfg = Debug|Win32
		{D4A8A732-97CA-4CBB-9D73-DF2D47260A4D}.Debug|x86.Build.0 = Debug|Win32
		{D4A8A732-97CA-4CBB-9D73-DF2D47260A4D}.Release|x64.ActiveCfg = Release|x64
		{D4A8A732-97CA-4CBB-9D73-DF2D47260A4D}.Release|x64.Build.0 = Release|x64
		{D4A8A732-97CA-4CBB-9D73-DF2D47260A4D}.Release|x86.ActiveCfg = Release|Win32
		{D4A8A732-97CA-4CBB-9D73-DF2D47260A4D}.Release|x86.Build.0 = Release|Win32
		{40E14F3C-9540-4400-BDA7-B599A1389B60}.Debug|x64.ActiveCfg = Debug|x64
		{40E14F3C-9540-4400-BDA7-B599A1389B60}.Debug|x64.Build.0 = Debug|x64
		{40E14F3C-9540-4400-BDA7-B599A1389B60}.Debug|x86.ActiveCfg = Debug|Win32
		{40E14F3C-9540-4400-BDA7-B599A1389B60}.Debug|x86.Build.0 = Debug|Win32
		{40E14F3C-9540-4400-BDA7-B599A1389B60}.Release|x64.ActiveCfg = Release|x64
		{40E14F3C-9540-4400-BDA7-B599A1389B60}.Release|x64.Build.0 = Release|x64
		{40E14F3C-9540-4400-BDA7-B599A1389B60}.Release|x86.ActiveCfg = Release|Win32
		{40E14F3C-9540-4400-BDA7-B599A1389B60}.Release|x86.Build.0 = Release|Win32
		{C900FCBB-FCFE-470F-96FB-59FB4732DAB2}.Debug|x64.ActiveCfg = Debug|x64
		{C900FCBB-FCFE-470F-96FB-59FB4732DAB2}.Debug|x64.Build.0 = Debug|x64
		{C900FCBB-FCFE-470F-96FB-59FB4732DAB2}.Debug|x86.ActiveCfg = Debug|Win32
		{C900FCBB-FCFE-470F-96FB-59FB4732DAB2}.Debug|x86.Build.0 = Debug|Win32
		{C900FCBB-FCFE-470F-96FB-59FB4732DAB2}.Release|x64.ActiveCfg = Release|x64
		{C900FCBB-FCFE-470F-96FB-59FB4732DAB2}.Release|x64.Build.0 = Release|x64
		{C900FCBB-FCFE-470F-96FB-59FB4732DAB2}.Release|x86.ActiveCfg = Release|Win32
		{C900FCBB-FCFE-470F-96FB-59FB4732DAB2}.Release|x86.Build.0 = Release|Win32
		{F75FFD91-57F1-45D3-BAF2-0570D16084EA}.Debug|x64.ActiveCfg = Debug|x64
		{F75FFD91-57F1-45D3-BAF2-0570D16084EA}.Debug|x64.Build.0 = Debug|x64
		{F75FFD91-57F1-45D3-BAF2-0570D16084EA}.Debug|x86.ActiveCfg = Debug|Win32
		{F75FFD91-57F1-45D3-BAF2-0570D16084EA}.Debug|x86.Build.0 = Debug|Win32
		{F75FFD91-57F1-45D3-BAF2-0570D16084EA}.Release|x64.ActiveCfg = Release|x64
		{F75FFD91-57F1-45D3-BAF2-0570D16084EA}.Release|x64.Build.0 = Release|x64
		{F75FFD91-57F1-45D3-BAF2-0570D16084EA}.Release|x86.ActiveCfg = Release|Win32
		{F75FFD91-57F1-45D3-BAF2-0570D16084EA}.Release|x86.Build.0 = Release|Win32
	EndGlobalSection
	GlobalSection(SolutionProperties) = preSolution
		HideSolutionNode = FALSE
	EndGlobalSection
	GlobalSection(ExtensibilityGlobals) = postSolution
		SolutionGuid = {D49207BD-B0AF-4EB1-B377-0BB4962058D0}
	EndGlobalSection
EndGlobal
